
Microsoft Visual Studio Solution File, Format Version 12.00
# Visual Studio Version 17
VisualStudioVersion = 17.2.32526.322
MinimumVisualStudioVersion = 10.0.40219.1
Project("{FAE04EC0-301F-11D3-BF4B-00C04F79EFBC}") = "MagicDish - MVC WebApp", "MagicDish - MVC WebApp.csproj", "{77BBAEBD-42B4-4760-B21F-2B5267C1FDE4}"
EndProject
Global
	GlobalSection(SolutionConfigurationPlatforms) = preSolution
		Debug|Any CPU = Debug|Any CPU
		Release|Any CPU = Release|Any CPU
	EndGlobalSection
	GlobalSection(ProjectConfigurationPlatforms) = postSolution
		{77BBAEBD-42B4-4760-B21F-2B5267C1FDE4}.Debug|Any CPU.ActiveCfg = Debug|Any CPU
		{77BBAEBD-42B4-4760-B21F-2B5267C1FDE4}.Debug|Any CPU.Build.0 = Debug|Any CPU
		{77BBAEBD-42B4-4760-B21F-2B5267C1FDE4}.Release|Any CPU.ActiveCfg = Release|Any CPU
		{77BBAEBD-42B4-4760-B21F-2B5267C1FDE4}.Release|Any CPU.Build.0 = Release|Any CPU
	EndGlobalSection
	GlobalSection(SolutionProperties) = preSolution
		HideSolutionNode = FALSE
	EndGlobalSection
	GlobalSection(ExtensibilityGlobals) = postSolution
		SolutionGuid = {D311F677-A7D6-445D-B9A3-97C6CF159205}
	EndGlobalSection
EndGlobal
